{
  "name": "progress",
  "version": "1.0.0",
  "lockfileVersion": 3,
  "requires": true,
  "packages": {
    "": {
      "name": "progress",
      "version": "1.0.0",
      "license": "ISC",
      "dependencies": {
        "memcache-client": "^1.0.5"
      }
    },
    "node_modules/lodash.defaults": {
      "version": "4.2.0",
      "resolved": "https://registry.npmjs.org/lodash.defaults/-/lodash.defaults-4.2.0.tgz",
      "integrity": "sha512-qjxPLHd3r5DnsdGacqOMU6pb/avJzdh9tFX2ymgoZE27BmjXrNy/y4LoaiTeAb+O3gL8AfpJGtqfX/ae2leYYQ==",
      "license": "MIT"
    },
    "node_modules/memcache-client": {
      "version": "1.0.5",
      "resolved": "https://registry.npmjs.org/memcache-client/-/memcache-client-1.0.5.tgz",
      "integrity": "sha512-hUADvh+Cju3eNZ5AWGfNhdI/Y4251pc8Hxq+6RryiVNzMeEnXKQ2z+gyBBAPY4SZnC1nOtp2MJUSsnCWB9t6lg==",
      "license": "Apache-2.0",
      "dependencies": {
        "lodash.defaults": "4.2.0",
        "memcache-parser": "^1.0.0",
        "optional-require": "1.1.8",
        "tslib": "2.1.0"
      }
    },
    "node_modules/memcache-parser": {
      "version": "1.0.1",
      "resolved": "https://registry.npmjs.org/memcache-parser/-/memcache-parser-1.0.1.tgz",
      "integrity": "sha512-F5TjjHKUNMCWTVfiJD+7M9ecNbBdnK6xifYZ1WL8PoQ/dP9sB37VQV8hPtyuUqJJFj76qY70Ezj9saQ0gw2FJg==",
      "license": "Apache-2.0",
      "engines": {
        "node": ">=4"
      }
    },
    "node_modules/optional-require": {
      "version": "1.1.8",
      "resolved": "https://registry.npmjs.org/optional-require/-/optional-require-1.1.8.tgz",
      "integrity": "sha512-jq83qaUb0wNg9Krv1c5OQ+58EK+vHde6aBPzLvPPqJm89UQWsvSuFy9X/OSNJnFeSOKo7btE0n8Nl2+nE+z5nA==",
      "license": "Apache-2.0",
      "dependencies": {
        "require-at": "^1.0.6"
      },
      "engines": {
        "node": ">=4"
      }
    },
    "node_modules/require-at": {
      "version": "1.0.6",
      "resolved": "https://registry.npmjs.org/require-at/-/require-at-1.0.6.tgz",
      "integrity": "sha512-7i1auJbMUrXEAZCOQ0VNJgmcT2VOKPRl2YGJwgpHpC9CE91Mv4/4UYIUm4chGJaI381ZDq1JUicFii64Hapd8g==",
      "license": "Apache-2.0",
      "engines": {
        "node": ">=4"
      }
    },
    "node_modules/tslib": {
      "version": "2.1.0",
      "resolved": "https://registry.npmjs.org/tslib/-/tslib-2.1.0.tgz",
      "integrity": "sha512-hcVC3wYEziELGGmEEXue7D75zbwIIVUMWAVbHItGPx0ziyXxrOMQx4rQEVEV45Ut/1IotuEvwqPopzIOkDMf0A==",
      "license": "0BSD"
    }
  }
}
